// !$*UTF8*$!
{
	archiveVersion = 1;
	classes = {
	};
	objectVersion = 51;
	objects = {

/* Begin PBXBuildFile section */
		0693334A4632E92839A8DDCA /* Pods_Uber.framework in Frameworks */ = {isa = PBXBuildFile; fileRef = 2EBEB2BFB942C34100C3D367 /* Pods_Uber.framework */; };
		6302FD6025B2DF7300AF5DC0 /* Service.swift in Sources */ = {isa = PBXBuildFile; fileRef = 6302FD5F25B2DF7300AF5DC0 /* Service.swift */; };
		6302FD6325B3282E00AF5DC0 /* User.swift in Sources */ = {isa = PBXBuildFile; fileRef = 6302FD6225B3282E00AF5DC0 /* User.swift */; };
		636D85C225B89B6900158E23 /* LocationHandler.swift in Sources */ = {isa = PBXBuildFile; fileRef = 636D85C125B89B6900158E23 /* LocationHandler.swift */; };
		638A04D925AF077A00C84444 /* LocationInputActivationView.swift in Sources */ = {isa = PBXBuildFile; fileRef = 638A04D825AF077A00C84444 /* LocationInputActivationView.swift */; };
		639D178625B1980300FBB7CB /* LocationTableViewCell.swift in Sources */ = {isa = PBXBuildFile; fileRef = 639D178525B1980300FBB7CB /* LocationTableViewCell.swift */; };
		63C0AD0C25AC3A9900F903DE /* HomeViewController.swift in Sources */ = {isa = PBXBuildFile; fileRef = 63C0AD0B25AC3A9900F903DE /* HomeViewController.swift */; };
		63CF3C5625A58E0000463B21 /* Extensions.swift in Sources */ = {isa = PBXBuildFile; fileRef = 63CF3C5525A58E0000463B21 /* Extensions.swift */; };
		63CF3C5D25A72C5800463B21 /* SignUpViewController.swift in Sources */ = {isa = PBXBuildFile; fileRef = 63CF3C5C25A72C5800463B21 /* SignUpViewController.swift */; };
		63CF3C6125A7571B00463B21 /* AuthButton.swift in Sources */ = {isa = PBXBuildFile; fileRef = 63CF3C6025A7571B00463B21 /* AuthButton.swift */; };
		63DD8CA325A4CF9A00A75B29 /* AppDelegate.swift in Sources */ = {isa = PBXBuildFile; fileRef = 63DD8CA225A4CF9A00A75B29 /* AppDelegate.swift */; };
		63DD8CA525A4CF9A00A75B29 /* SceneDelegate.swift in Sources */ = {isa = PBXBuildFile; fileRef = 63DD8CA425A4CF9A00A75B29 /* SceneDelegate.swift */; };
		63DD8CAA25A4CF9A00A75B29 /* Main.storyboard in Resources */ = {isa = PBXBuildFile; fileRef = 63DD8CA825A4CF9A00A75B29 /* Main.storyboard */; };
		63DD8CAC25A4CF9E00A75B29 /* Assets.xcassets in Resources */ = {isa = PBXBuildFile; fileRef = 63DD8CAB25A4CF9E00A75B29 /* Assets.xcassets */; };
		63DD8CAF25A4CF9E00A75B29 /* LaunchScreen.storyboard in Resources */ = {isa = PBXBuildFile; fileRef = 63DD8CAD25A4CF9E00A75B29 /* LaunchScreen.storyboard */; };
		63DD8CBF25A4D0AB00A75B29 /* LoginViewController.swift in Sources */ = {isa = PBXBuildFile; fileRef = 63DD8CBE25A4D0AB00A75B29 /* LoginViewController.swift */; };
		63E4A83725B0A7700057F597 /* LocationInputView.swift in Sources */ = {isa = PBXBuildFile; fileRef = 63E4A83625B0A7700057F597 /* LocationInputView.swift */; };
		63F8206F25A8637C00FEC2DC /* GoogleService-Info.plist in Resources */ = {isa = PBXBuildFile; fileRef = 63F8206E25A8637C00FEC2DC /* GoogleService-Info.plist */; };
/* End PBXBuildFile section */

/* Begin PBXFileReference section */
		2EBEB2BFB942C34100C3D367 /* Pods_Uber.framework */ = {isa = PBXFileReference; explicitFileType = wrapper.framework; includeInIndex = 0; path = Pods_Uber.framework; sourceTree = BUILT_PRODUCTS_DIR; };
		6302FD5F25B2DF7300AF5DC0 /* Service.swift */ = {isa = PBXFileReference; lastKnownFileType = sourcecode.swift; path = Service.swift; sourceTree = "<group>"; };
		6302FD6225B3282E00AF5DC0 /* User.swift */ = {isa = PBXFileReference; lastKnownFileType = sourcecode.swift; path = User.swift; sourceTree = "<group>"; };
		636D85C125B89B6900158E23 /* LocationHandler.swift */ = {isa = PBXFileReference; lastKnownFileType = sourcecode.swift; path = LocationHandler.swift; sourceTree = "<group>"; };
		638A04D825AF077A00C84444 /* LocationInputActivationView.swift */ = {isa = PBXFileReference; lastKnownFileType = sourcecode.swift; path = LocationInputActivationView.swift; sourceTree = "<group>"; };
		639D178525B1980300FBB7CB /* LocationTableViewCell.swift */ = {isa = PBXFileReference; lastKnownFileType = sourcecode.swift; path = LocationTableViewCell.swift; sourceTree = "<group>"; };
		63C0AD0B25AC3A9900F903DE /* HomeViewController.swift */ = {isa = PBXFileReference; lastKnownFileType = sourcecode.swift; path = HomeViewController.swift; sourceTree = "<group>"; };
		63CF3C5525A58E0000463B21 /* Extensions.swift */ = {isa = PBXFileReference; lastKnownFileType = sourcecode.swift; path = Extensions.swift; sourceTree = "<group>"; };
		63CF3C5C25A72C5800463B21 /* SignUpViewController.swift */ = {isa = PBXFileReference; lastKnownFileType = sourcecode.swift; path = SignUpViewController.swift; sourceTree = "<group>"; };
		63CF3C6025A7571B00463B21 /* AuthButton.swift */ = {isa = PBXFileReference; lastKnownFileType = sourcecode.swift; path = AuthButton.swift; sourceTree = "<group>"; };
		63DD8C9F25A4CF9A00A75B29 /* Uber.app */ = {isa = PBXFileReference; explicitFileType = wrapper.application; includeInIndex = 0; path = Uber.app; sourceTree = BUILT_PRODUCTS_DIR; };
		63DD8CA225A4CF9A00A75B29 /* AppDelegate.swift */ = {isa = PBXFileReference; lastKnownFileType = sourcecode.swift; path = AppDelegate.swift; sourceTree = "<group>"; };
		63DD8CA425A4CF9A00A75B29 /* SceneDelegate.swift */ = {isa = PBXFileReference; lastKnownFileType = sourcecode.swift; path = SceneDelegate.swift; sourceTree = "<group>"; };
		63DD8CA925A4CF9A00A75B29 /* Base */ = {isa = PBXFileReference; lastKnownFileType = file.storyboard; name = Base; path = Base.lproj/Main.storyboard; sourceTree = "<group>"; };
		63DD8CAB25A4CF9E00A75B29 /* Assets.xcassets */ = {isa = PBXFileReference; lastKnownFileType = folder.assetcatalog; path = Assets.xcassets; sourceTree = "<group>"; };
		63DD8CAE25A4CF9E00A75B29 /* Base */ = {isa = PBXFileReference; lastKnownFileType = file.storyboard; name = Base; path = Base.lproj/LaunchScreen.storyboard; sourceTree = "<group>"; };
		63DD8CB025A4CF9E00A75B29 /* Info.plist */ = {isa = PBXFileReference; lastKnownFileType = text.plist.xml; path = Info.plist; sourceTree = "<group>"; };
		63DD8CBE25A4D0AB00A75B29 /* LoginViewController.swift */ = {isa = PBXFileReference; lastKnownFileType = sourcecode.swift; path = LoginViewController.swift; sourceTree = "<group>"; };
		63E4A83625B0A7700057F597 /* LocationInputView.swift */ = {isa = PBXFileReference; lastKnownFileType = sourcecode.swift; path = LocationInputView.swift; sourceTree = "<group>"; };
		63F8206E25A8637C00FEC2DC /* GoogleService-Info.plist */ = {isa = PBXFileReference; fileEncoding = 4; lastKnownFileType = text.plist.xml; path = "GoogleService-Info.plist"; sourceTree = "<group>"; };
		B62045457C682CB39531F132 /* Pods-Uber.release.xcconfig */ = {isa = PBXFileReference; includeInIndex = 1; lastKnownFileType = text.xcconfig; name = "Pods-Uber.release.xcconfig"; path = "Target Support Files/Pods-Uber/Pods-Uber.release.xcconfig"; sourceTree = "<group>"; };
		EBB2E5A4C7E947C9F7FB4BD0 /* Pods-Uber.debug.xcconfig */ = {isa = PBXFileReference; includeInIndex = 1; lastKnownFileType = text.xcconfig; name = "Pods-Uber.debug.xcconfig"; path = "Target Support Files/Pods-Uber/Pods-Uber.debug.xcconfig"; sourceTree = "<group>"; };
/* End PBXFileReference section */

/* Begin PBXFrameworksBuildPhase section */
		63DD8C9C25A4CF9A00A75B29 /* Frameworks */ = {
			isa = PBXFrameworksBuildPhase;
			buildActionMask = 2147483647;
			files = (
				0693334A4632E92839A8DDCA /* Pods_Uber.framework in Frameworks */,
			);
			runOnlyForDeploymentPostprocessing = 0;
		};
/* End PBXFrameworksBuildPhase section */

/* Begin PBXGroup section */
		04A66E51D75945425C80D858 /* Pods */ = {
			isa = PBXGroup;
			children = (
				EBB2E5A4C7E947C9F7FB4BD0 /* Pods-Uber.debug.xcconfig */,
				B62045457C682CB39531F132 /* Pods-Uber.release.xcconfig */,
			);
			path = Pods;
			sourceTree = "<group>";
		};
		639D178425B196FC00FBB7CB /* Cells */ = {
			isa = PBXGroup;
			children = (
				639D178525B1980300FBB7CB /* LocationTableViewCell.swift */,
			);
			path = Cells;
			sourceTree = "<group>";
		};
		63CF3C5F25A7570700463B21 /* Buttons */ = {
			isa = PBXGroup;
			children = (
				63CF3C6025A7571B00463B21 /* AuthButton.swift */,
			);
			path = Buttons;
			sourceTree = "<group>";
		};
		63DD8C9625A4CF9A00A75B29 = {
			isa = PBXGroup;
			children = (
				63DD8CA125A4CF9A00A75B29 /* Uber */,
				63DD8CA025A4CF9A00A75B29 /* Products */,
				04A66E51D75945425C80D858 /* Pods */,
				7A14C7D4778707837E20280B /* Frameworks */,
			);
			sourceTree = "<group>";
		};
		63DD8CA025A4CF9A00A75B29 /* Products */ = {
			isa = PBXGroup;
			children = (
				63DD8C9F25A4CF9A00A75B29 /* Uber.app */,
			);
			name = Products;
			sourceTree = "<group>";
		};
		63DD8CA125A4CF9A00A75B29 /* Uber */ = {
			isa = PBXGroup;
			children = (
				63DD8CBC25A4CFBE00A75B29 /* Model */,
				63DD8CBB25A4CFBD00A75B29 /* View */,
				63DD8CBA25A4CFBC00A75B29 /* Controller */,
				63DD8CB925A4CFBA00A75B29 /* Service */,
				63DD8CB725A4CFB000A75B29 /* Utilities */,
				63DD8CA225A4CF9A00A75B29 /* AppDelegate.swift */,
				63DD8CA425A4CF9A00A75B29 /* SceneDelegate.swift */,
				63DD8CA825A4CF9A00A75B29 /* Main.storyboard */,
				63DD8CAB25A4CF9E00A75B29 /* Assets.xcassets */,
				63DD8CAD25A4CF9E00A75B29 /* LaunchScreen.storyboard */,
				63F8206E25A8637C00FEC2DC /* GoogleService-Info.plist */,
				63DD8CB025A4CF9E00A75B29 /* Info.plist */,
			);
			path = Uber;
			sourceTree = "<group>";
		};
		63DD8CB725A4CFB000A75B29 /* Utilities */ = {
			isa = PBXGroup;
			children = (
				63CF3C5525A58E0000463B21 /* Extensions.swift */,
				636D85C125B89B6900158E23 /* LocationHandler.swift */,
			);
			path = Utilities;
			sourceTree = "<group>";
		};
		63DD8CB925A4CFBA00A75B29 /* Service */ = {
			isa = PBXGroup;
			children = (
				6302FD5F25B2DF7300AF5DC0 /* Service.swift */,
			);
			path = Service;
			sourceTree = "<group>";
		};
		63DD8CBA25A4CFBC00A75B29 /* Controller */ = {
			isa = PBXGroup;
			children = (
				63DD8CBE25A4D0AB00A75B29 /* LoginViewController.swift */,
				63CF3C5C25A72C5800463B21 /* SignUpViewController.swift */,
				63C0AD0B25AC3A9900F903DE /* HomeViewController.swift */,
			);
			path = Controller;
			sourceTree = "<group>";
		};
		63DD8CBB25A4CFBD00A75B29 /* View */ = {
			isa = PBXGroup;
			children = (
				639D178425B196FC00FBB7CB /* Cells */,
				63CF3C5F25A7570700463B21 /* Buttons */,
				638A04D825AF077A00C84444 /* LocationInputActivationView.swift */,
				63E4A83625B0A7700057F597 /* LocationInputView.swift */,
			);
			path = View;
			sourceTree = "<group>";
		};
		63DD8CBC25A4CFBE00A75B29 /* Model */ = {
			isa = PBXGroup;
			children = (
				6302FD6225B3282E00AF5DC0 /* User.swift */,
			);
			path = Model;
			sourceTree = "<group>";
		};
		7A14C7D4778707837E20280B /* Frameworks */ = {
			isa = PBXGroup;
			children = (
				2EBEB2BFB942C34100C3D367 /* Pods_Uber.framework */,
			);
			name = Frameworks;
			sourceTree = "<group>";
		};
/* End PBXGroup section */

/* Begin PBXNativeTarget section */
		63DD8C9E25A4CF9A00A75B29 /* Uber */ = {
			isa = PBXNativeTarget;
			buildConfigurationList = 63DD8CB325A4CF9E00A75B29 /* Build configuration list for PBXNativeTarget "Uber" */;
			buildPhases = (
				A0824B5AB6823C9DBDAA4C65 /* [CP] Check Pods Manifest.lock */,
				63DD8C9B25A4CF9A00A75B29 /* Sources */,
				63DD8C9C25A4CF9A00A75B29 /* Frameworks */,
				63DD8C9D25A4CF9A00A75B29 /* Resources */,
				D3286E7F615D91E412088CB4 /* [CP] Embed Pods Frameworks */,
			);
			buildRules = (
			);
			dependencies = (
			);
			name = Uber;
			productName = Uber;
			productReference = 63DD8C9F25A4CF9A00A75B29 /* Uber.app */;
			productType = "com.apple.product-type.application";
		};
/* End PBXNativeTarget section */

/* Begin PBXProject section */
		63DD8C9725A4CF9A00A75B29 /* Project object */ = {
			isa = PBXProject;
			attributes = {
				LastSwiftUpdateCheck = 1230;
				LastUpgradeCheck = 1230;
				TargetAttributes = {
					63DD8C9E25A4CF9A00A75B29 = {
						CreatedOnToolsVersion = 12.3;
					};
				};
			};
			buildConfigurationList = 63DD8C9A25A4CF9A00A75B29 /* Build configuration list for PBXProject "Uber" */;
			compatibilityVersion = "Xcode 9.3";
			developmentRegion = en;
			hasScannedForEncodings = 0;
			knownRegions = (
				en,
				Base,
			);
			mainGroup = 63DD8C9625A4CF9A00A75B29;
			productRefGroup = 63DD8CA025A4CF9A00A75B29 /* Products */;
			projectDirPath = "";
			projectRoot = "";
			targets = (
				63DD8C9E25A4CF9A00A75B29 /* Uber */,
			);
		};
/* End PBXProject section */

/* Begin PBXResourcesBuildPhase section */
		63DD8C9D25A4CF9A00A75B29 /* Resources */ = {
			isa = PBXResourcesBuildPhase;
			buildActionMask = 2147483647;
			files = (
				63DD8CAF25A4CF9E00A75B29 /* LaunchScreen.storyboard in Resources */,
				63F8206F25A8637C00FEC2DC /* GoogleService-Info.plist in Resources */,
				63DD8CAC25A4CF9E00A75B29 /* Assets.xcassets in Resources */,
				63DD8CAA25A4CF9A00A75B29 /* Main.storyboard in Resources */,
			);
			runOnlyForDeploymentPostprocessing = 0;
		};
/* End PBXResourcesBuildPhase section */

/* Begin PBXShellScriptBuildPhase section */
		A0824B5AB6823C9DBDAA4C65 /* [CP] Check Pods Manifest.lock */ = {
			isa = PBXShellScriptBuildPhase;
			buildActionMask = 2147483647;
			files = (
			);
			inputFileListPaths = (
			);
			inputPaths = (
				"${PODS_PODFILE_DIR_PATH}/Podfile.lock",
				"${PODS_ROOT}/Manifest.lock",
			);
			name = "[CP] Check Pods Manifest.lock";
			outputFileListPaths = (
			);
			outputPaths = (
				"$(DERIVED_FILE_DIR)/Pods-Uber-checkManifestLockResult.txt",
			);
			runOnlyForDeploymentPostprocessing = 0;
			shellPath = /bin/sh;
			shellScript = "diff \"${PODS_PODFILE_DIR_PATH}/Podfile.lock\" \"${PODS_ROOT}/Manifest.lock\" > /dev/null\nif [ $? != 0 ] ; then\n    # print error to STDERR\n    echo \"error: The sandbox is not in sync with the Podfile.lock. Run 'pod install' or update your CocoaPods installation.\" >&2\n    exit 1\nfi\n# This output is used by Xcode 'outputs' to avoid re-running this script phase.\necho \"SUCCESS\" > \"${SCRIPT_OUTPUT_FILE_0}\"\n";
			showEnvVarsInLog = 0;
		};
		D3286E7F615D91E412088CB4 /* [CP] Embed Pods Frameworks */ = {
			isa = PBXShellScriptBuildPhase;
			buildActionMask = 2147483647;
			files = (
			);
			inputFileListPaths = (
				"${PODS_ROOT}/Target Support Files/Pods-Uber/Pods-Uber-frameworks-${CONFIGURATION}-input-files.xcfilelist",
			);
			name = "[CP] Embed Pods Frameworks";
			outputFileListPaths = (
				"${PODS_ROOT}/Target Support Files/Pods-Uber/Pods-Uber-frameworks-${CONFIGURATION}-output-files.xcfilelist",
			);
			runOnlyForDeploymentPostprocessing = 0;
			shellPath = /bin/sh;
			shellScript = "\"${PODS_ROOT}/Target Support Files/Pods-Uber/Pods-Uber-frameworks.sh\"\n";
			showEnvVarsInLog = 0;
		};
/* End PBXShellScriptBuildPhase section */

/* Begin PBXSourcesBuildPhase section */
		63DD8C9B25A4CF9A00A75B29 /* Sources */ = {
			isa = PBXSourcesBuildPhase;
			buildActionMask = 2147483647;
			files = (
				63DD8CA325A4CF9A00A75B29 /* AppDelegate.swift in Sources */,
				63CF3C6125A7571B00463B21 /* AuthButton.swift in Sources */,
				63DD8CBF25A4D0AB00A75B29 /* LoginViewController.swift in Sources */,
				63E4A83725B0A7700057F597 /* LocationInputView.swift in Sources */,
				63DD8CA525A4CF9A00A75B29 /* SceneDelegate.swift in Sources */,
				63CF3C5625A58E0000463B21 /* Extensions.swift in Sources */,
				639D178625B1980300FBB7CB /* LocationTableViewCell.swift in Sources */,
				636D85C225B89B6900158E23 /* LocationHandler.swift in Sources */,
				63C0AD0C25AC3A9900F903DE /* HomeViewController.swift in Sources */,
				6302FD6325B3282E00AF5DC0 /* User.swift in Sources */,
				6302FD6025B2DF7300AF5DC0 /* Service.swift in Sources */,
				638A04D925AF077A00C84444 /* LocationInputActivationView.swift in Sources */,
				63CF3C5D25A72C5800463B21 /* SignUpViewController.swift in Sources */,
			);
			runOnlyForDeploymentPostprocessing = 0;
		};
/* End PBXSourcesBuildPhase section */

/* Begin PBXVariantGroup section */
		63DD8CA825A4CF9A00A75B29 /* Main.storyboard */ = {
			isa = PBXVariantGroup;
			children = (
				63DD8CA925A4CF9A00A75B29 /* Base */,
			);
			name = Main.storyboard;
			sourceTree = "<group>";
		};
		63DD8CAD25A4CF9E00A75B29 /* LaunchScreen.storyboard */ = {
			isa = PBXVariantGroup;
			children = (
				63DD8CAE25A4CF9E00A75B29 /* Base */,
			);
			name = LaunchScreen.storyboard;
			sourceTree = "<group>";
		};
/* End PBXVariantGroup section */

/* Begin XCBuildConfiguration section */
		63DD8CB125A4CF9E00A75B29 /* Debug */ = {
			isa = XCBuildConfiguration;
			buildSettings = {
				ALWAYS_SEARCH_USER_PATHS = NO;
				CLANG_ANALYZER_NONNULL = YES;
				CLANG_ANALYZER_NUMBER_OBJECT_CONVERSION = YES_AGGRESSIVE;
				CLANG_CXX_LANGUAGE_STANDARD = "gnu++14";
				CLANG_CXX_LIBRARY = "libc++";
				CLANG_ENABLE_MODULES = YES;
				CLANG_ENABLE_OBJC_ARC = YES;
				CLANG_ENABLE_OBJC_WEAK = YES;
				CLANG_WARN_BLOCK_CAPTURE_AUTORELEASING = YES;
				CLANG_WARN_BOOL_CONVERSION = YES;
				CLANG_WARN_COMMA = YES;
				CLANG_WARN_CONSTANT_CONVERSION = YES;
				CLANG_WARN_DEPRECATED_OBJC_IMPLEMENTATIONS = YES;
				CLANG_WARN_DIRECT_OBJC_ISA_USAGE = YES_ERROR;
				CLANG_WARN_DOCUMENTATION_COMMENTS = YES;
				CLANG_WARN_EMPTY_BODY = YES;
				CLANG_WARN_ENUM_CONVERSION = YES;
				CLANG_WARN_INFINITE_RECURSION = YES;
				CLANG_WARN_INT_CONVERSION = YES;
				CLANG_WARN_NON_LITERAL_NULL_CONVERSION = YES;
				CLANG_WARN_OBJC_IMPLICIT_RETAIN_SELF = YES;
				CLANG_WARN_OBJC_LITERAL_CONVERSION = YES;
				CLANG_WARN_OBJC_ROOT_CLASS = YES_ERROR;
				CLANG_WARN_QUOTED_INCLUDE_IN_FRAMEWORK_HEADER = YES;
				CLANG_WARN_RANGE_LOOP_ANALYSIS = YES;
				CLANG_WARN_STRICT_PROTOTYPES = YES;
				CLANG_WARN_SUSPICIOUS_MOVE = YES;
				CLANG_WARN_UNGUARDED_AVAILABILITY = YES_AGGRESSIVE;
				CLANG_WARN_UNREACHABLE_CODE = YES;
				CLANG_WARN__DUPLICATE_METHOD_MATCH = YES;
				COPY_PHASE_STRIP = NO;
				DEBUG_INFORMATION_FORMAT = dwarf;
				ENABLE_STRICT_OBJC_MSGSEND = YES;
				ENABLE_TESTABILITY = YES;
				GCC_C_LANGUAGE_STANDARD = gnu11;
				GCC_DYNAMIC_NO_PIC = NO;
				GCC_NO_COMMON_BLOCKS = YES;
				GCC_OPTIMIZATION_LEVEL = 0;
				GCC_PREPROCESSOR_DEFINITIONS = (
					"DEBUG=1",
					"$(inherited)",
				);
				GCC_WARN_64_TO_32_BIT_CONVERSION = YES;
				GCC_WARN_ABOUT_RETURN_TYPE = YES_ERROR;
				GCC_WARN_UNDECLARED_SELECTOR = YES;
				GCC_WARN_UNINITIALIZED_AUTOS = YES_AGGRESSIVE;
				GCC_WARN_UNUSED_FUNCTION = YES;
				GCC_WARN_UNUSED_VARIABLE = YES;
				IPHONEOS_DEPLOYMENT_TARGET = 14.3;
				MTL_ENABLE_DEBUG_INFO = INCLUDE_SOURCE;
				MTL_FAST_MATH = YES;
				ONLY_ACTIVE_ARCH = YES;
				SDKROOT = iphoneos;
				SWIFT_ACTIVE_COMPILATION_CONDITIONS = DEBUG;
				SWIFT_OPTIMIZATION_LEVEL = "-Onone";
			};
			name = Debug;
		};
		63DD8CB225A4CF9E00A75B29 /* Release */ = {
			isa = XCBuildConfiguration;
			buildSettings = {
				ALWAYS_SEARCH_USER_PATHS = NO;
				CLANG_ANALYZER_NONNULL = YES;
				CLANG_ANALYZER_NUMBER_OBJECT_CONVERSION = YES_AGGRESSIVE;
				CLANG_CXX_LANGUAGE_STANDARD = "gnu++14";
				CLANG_CXX_LIBRARY = "libc++";
				CLANG_ENABLE_MODULES = YES;
				CLANG_ENABLE_OBJC_ARC = YES;
				CLANG_ENABLE_OBJC_WEAK = YES;
				CLANG_WARN_BLOCK_CAPTURE_AUTORELEASING = YES;
				CLANG_WARN_BOOL_CONVERSION = YES;
				CLANG_WARN_COMMA = YES;
				CLANG_WARN_CONSTANT_CONVERSION = YES;
				CLANG_WARN_DEPRECATED_OBJC_IMPLEMENTATIONS = YES;
				CLANG_WARN_DIRECT_OBJC_ISA_USAGE = YES_ERROR;
				CLANG_WARN_DOCUMENTATION_COMMENTS = YES;
				CLANG_WARN_EMPTY_BODY = YES;
				CLANG_WARN_ENUM_CONVERSION = YES;
				CLANG_WARN_INFINITE_RECURSION = YES;
				CLANG_WARN_INT_CONVERSION = YES;
				CLANG_WARN_NON_LITERAL_NULL_CONVERSION = YES;
				CLANG_WARN_OBJC_IMPLICIT_RETAIN_SELF = YES;
				CLANG_WARN_OBJC_LITERAL_CONVERSION = YES;
				CLANG_WARN_OBJC_ROOT_CLASS = YES_ERROR;
				CLANG_WARN_QUOTED_INCLUDE_IN_FRAMEWORK_HEADER = YES;
				CLANG_WARN_RANGE_LOOP_ANALYSIS = YES;
				CLANG_WARN_STRICT_PROTOTYPES = YES;
				CLANG_WARN_SUSPICIOUS_MOVE = YES;
				CLANG_WARN_UNGUARDED_AVAILABILITY = YES_AGGRESSIVE;
				CLANG_WARN_UNREACHABLE_CODE = YES;
				CLANG_WARN__DUPLICATE_METHOD_MATCH = YES;
				COPY_PHASE_STRIP = NO;
				DEBUG_INFORMATION_FORMAT = "dwarf-with-dsym";
				ENABLE_NS_ASSERTIONS = NO;
				ENABLE_STRICT_OBJC_MSGSEND = YES;
				GCC_C_LANGUAGE_STANDARD = gnu11;
				GCC_NO_COMMON_BLOCKS = YES;
				GCC_WARN_64_TO_32_BIT_CONVERSION = YES;
				GCC_WARN_ABOUT_RETURN_TYPE = YES_ERROR;
				GCC_WARN_UNDECLARED_SELECTOR = YES;
				GCC_WARN_UNINITIALIZED_AUTOS = YES_AGGRESSIVE;
				GCC_WARN_UNUSED_FUNCTION = YES;
				GCC_WARN_UNUSED_VARIABLE = YES;
				IPHONEOS_DEPLOYMENT_TARGET = 14.3;
				MTL_ENABLE_DEBUG_INFO = NO;
				MTL_FAST_MATH = YES;
				SDKROOT = iphoneos;
				SWIFT_COMPILATION_MODE = wholemodule;
				SWIFT_OPTIMIZATION_LEVEL = "-O";
				VALIDATE_PRODUCT = YES;
			};
			name = Release;
		};
		63DD8CB425A4CF9E00A75B29 /* Debug */ = {
			isa = XCBuildConfiguration;
			baseConfigurationReference = EBB2E5A4C7E947C9F7FB4BD0 /* Pods-Uber.debug.xcconfig */;
			buildSettings = {
				ASSETCATALOG_COMPILER_APPICON_NAME = AppIcon;
				ASSETCATALOG_COMPILER_GLOBAL_ACCENT_COLOR_NAME = AccentColor;
				CODE_SIGN_STYLE = Automatic;
				DEVELOPMENT_TEAM = UF8K35X7PL;
				INFOPLIST_FILE = Uber/Info.plist;
				LD_RUNPATH_SEARCH_PATHS = (
					"$(inherited)",
					"@executable_path/Frameworks",
				);
				PRODUCT_BUNDLE_IDENTIFIER = co.benwilliams.Uber;
				PRODUCT_NAME = "$(TARGET_NAME)";
				SWIFT_VERSION = 5.0;
				TARGETED_DEVICE_FAMILY = "1,2";
			};
			name = Debug;
		};
		63DD8CB525A4CF9E00A75B29 /* Release */ = {
			isa = XCBuildConfiguration;
			baseConfigurationReference = B62045457C682CB39531F132 /* Pods-Uber.release.xcconfig */;
			buildSettings = {
				ASSETCATALOG_COMPILER_APPICON_NAME = AppIcon;
				ASSETCATALOG_COMPILER_GLOBAL_ACCENT_COLOR_NAME = AccentColor;
				CODE_SIGN_STYLE = Automatic;
				DEVELOPMENT_TEAM = UF8K35X7PL;
				INFOPLIST_FILE = Uber/Info.plist;
				LD_RUNPATH_SEARCH_PATHS = (
					"$(inherited)",
					"@executable_path/Frameworks",
				);
				PRODUCT_BUNDLE_IDENTIFIER = co.benwilliams.Uber;
				PRODUCT_NAME = "$(TARGET_NAME)";
				SWIFT_VERSION = 5.0;
				TARGETED_DEVICE_FAMILY = "1,2";
			};
			name = Release;
		};
/* End XCBuildConfiguration section */

/* Begin XCConfigurationList section */
		63DD8C9A25A4CF9A00A75B29 /* Build configuration list for PBXProject "Uber" */ = {
			isa = XCConfigurationList;
			buildConfigurations = (
				63DD8CB125A4CF9E00A75B29 /* Debug */,
				63DD8CB225A4CF9E00A75B29 /* Release */,
			);
			defaultConfigurationIsVisible = 0;
			defaultConfigurationName = Release;
		};
		63DD8CB325A4CF9E00A75B29 /* Build configuration list for PBXNativeTarget "Uber" */ = {
			isa = XCConfigurationList;
			buildConfigurations = (
				63DD8CB425A4CF9E00A75B29 /* Debug */,
				63DD8CB525A4CF9E00A75B29 /* Release */,
			);
			defaultConfigurationIsVisible = 0;
			defaultConfigurationName = Release;
		};
/* End XCConfigurationList section */
	};
	rootObject = 63DD8C9725A4CF9A00A75B29 /* Project object */;
}
